{
    "requires": true,
    "lockfileVersion": 1,
    "dependencies": {
        "@fortawesome/fontawesome-free": {
            "version": "5.10.0",
            "resolved": "https://registry.npmjs.org/@fortawesome/fontawesome-free/-/fontawesome-free-5.10.0.tgz",
            "integrity": "sha512-XX16koDMY/tkJmec0VFfKF7RYZOze/203B1iyLnRaAySm3ZPhKaeyIpf73Yh8xhrMk3Fj4TeH3FC01qyFTyg8g=="
        },
        "@fullcalendar/bootstrap": {
            "version": "4.2.0",
            "resolved": "https://registry.npmjs.org/@fullcalendar/bootstrap/-/bootstrap-4.2.0.tgz",
            "integrity": "sha512-yavoxeP13f7MCeSuEk9aQHd0z82yvENw3yjbxZZHBtIY1/E/FOPZRGZYFmwffIvvz7AOs9W+Pt6hxzFLsPW02Q=="
        },
        "@fullcalendar/core": {
            "version": "4.2.0",
            "resolved": "https://registry.npmjs.org/@fullcalendar/core/-/core-4.2.0.tgz",
            "integrity": "sha512-4kd5OGHxjMtwI0gUHKwAYzmR0Z79Qf8y0ARx2Ruh20JdVy3Tznn6oKwdpkUbaXWrLXNDoXYRkBiFCIgC27VNCw=="
        },
        "@fullcalendar/daygrid": {
            "version": "4.2.0",
            "resolved": "https://registry.npmjs.org/@fullcalendar/daygrid/-/daygrid-4.2.0.tgz",
            "integrity": "sha512-9C61TowLTTZ657cErdylkdRYxXj5HO0NgogQgYX9X2wz7yvn6loiyGx6oq0o6OFf+e/Z4Ey06j7f/fqn/BPYEQ=="
        },
        "@fullcalendar/interaction": {
            "version": "4.2.0",
            "resolved": "https://registry.npmjs.org/@fullcalendar/interaction/-/interaction-4.2.0.tgz",
            "integrity": "sha512-wwAyocUp1HEY7c7xCymR9EGdh7AWZrwNiBQlIpP3ne0eJT0U4ZjlnoOoels3VPsTJ9a6pdO1/XoGjEvL1T5y4g=="
        },
        "@fullcalendar/timegrid": {
            "version": "4.2.0",
            "resolved": "https://registry.npmjs.org/@fullcalendar/timegrid/-/timegrid-4.2.0.tgz",
            "integrity": "sha512-JtojTR+1uc1/WNzejcmsI5/2Jg007QprK5IpR8ocUVEcHXaBBXU6CPGirEWKyfk7QPZ7KzmJCykQ68QHiptyKA==",
            "requires": {
                "@fullcalendar/daygrid": "~4.2.0"
            }
        },
        "@lgaitan/pace-progress": {
            "version": "1.0.7",
            "resolved": "https://registry.npmjs.org/@lgaitan/pace-progress/-/pace-progress-1.0.7.tgz",
            "integrity": "sha1-yW+72f1M9Sj+7TTqDI+diz6Y8N0="
        },
        "admin-lte": {
            "version": "3.0.0-beta.2",
            "resolved": "https://registry.npmjs.org/admin-lte/-/admin-lte-3.0.0-beta.2.tgz",
            "integrity": "sha512-LE1gkh3ZWTvYf4kML7wJHWghs+wncbtXaaeHPgPQXL6B3nbdy3+LCfHIW/svLDmAJmWI5Bx4FwNBsV9WPg3mtw==",
            "requires": {
                "@fortawesome/fontawesome-free": "^5.9.0",
                "@fullcalendar/bootstrap": "^4.2.0",
                "@fullcalendar/core": "^4.2.0",
                "@fullcalendar/daygrid": "^4.2.0",
                "@fullcalendar/interaction": "^4.2.0",
                "@fullcalendar/timegrid": "^4.2.0",
                "@lgaitan/pace-progress": "^1.0.7",
                "bootstrap": "^4.3.1",
                "bootstrap-colorpicker": "^3.1.2",
                "bootstrap-slider": "^10.6.1",
                "bootstrap4-duallistbox": "^4.0.1",
                "chart.js": "^2.8.0",
                "datatables.net": "^1.10.19",
                "datatables.net-bs4": "^1.10.19",
                "daterangepicker": "^3.0.5",
                "fastclick": "^1.0.6",
                "flag-icon-css": "^3.3.0",
                "flot": "^3.1.1",
                "icheck-bootstrap": "^3.0.1",
                "inputmask": "^4.0.8",
                "ion-rangeslider": "^2.3.0",
                "jquery": "^3.4.1",
                "jquery-knob-chif": "^1.2.13",
                "jquery-mapael": "^2.2.0",
                "jquery-mousewheel": "^3.1.13",
                "jquery-ui-dist": "^1.12.1",
                "jqvmap": "github:bbmumford/jqvmap",
                "jsgrid": "^1.5.3",
                "moment": "^2.24.0",
                "overlayscrollbars": "^1.7.2",
                "popper.js": "^1.15.0",
                "raphael": "^2.2.8",
                "select2": "^4.0.7",
                "sparklines": "^1.2.0",
                "summernote": "^0.8.12",
                "sweetalert2": "^8.12.1",
                "tempusdominus-bootstrap-4": "^5.1.2",
                "toastr": "^2.1.4"
            }
        },
        "bootstrap": {
            "version": "4.3.1",
            "resolved": "https://registry.npmjs.org/bootstrap/-/bootstrap-4.3.1.tgz",
            "integrity": "sha512-rXqOmH1VilAt2DyPzluTi2blhk17bO7ef+zLLPlWvG494pDxcM234pJ8wTc/6R40UWizAIIMgxjvxZg5kmsbag=="
        },
        "bootstrap-colorpicker": {
            "version": "3.1.2",
            "resolved": "https://registry.npmjs.org/bootstrap-colorpicker/-/bootstrap-colorpicker-3.1.2.tgz",
            "integrity": "sha512-yUWegXox8GYoXVtYdrEIN3QMOeEFbcSFGDadZu2pWmmMgTaw4ECX9T8GvYQzJkRusvK9uzi39FjE0W2k8lQECA==",
            "requires": {
                "bootstrap": ">=4.0",
                "jquery": ">=2.1.0"
            }
        },
        "bootstrap-slider": {
            "version": "10.6.2",
            "resolved": "https://registry.npmjs.org/bootstrap-slider/-/bootstrap-slider-10.6.2.tgz",
            "integrity": "sha512-8JTPZB9QVOdrGzYF3YgC3YW6ssfPeBvBwZnXffiZ7YH/zz1D0EKlZvmQsm/w3N0XjVNYQEoQ0ax+jHrErV4K1Q=="
        },
        "bootstrap4-duallistbox": {
            "version": "4.0.1",
            "resolved": "https://registry.npmjs.org/bootstrap4-duallistbox/-/bootstrap4-duallistbox-4.0.1.tgz",
            "integrity": "sha512-DlIvIhCY8LtlnPe1QYIl+iHpNAvKv/TBqhNGKI/OcuFBoQ1Cx2hVBiqKEFi5fFn0zSRZZdxCJ2RsmBrQurNMiQ=="
        },
        "chart.js": {
            "version": "2.8.0",
            "resolved": "https://registry.npmjs.org/chart.js/-/chart.js-2.8.0.tgz",
            "integrity": "sha512-Di3wUL4BFvqI5FB5K26aQ+hvWh8wnP9A3DWGvXHVkO13D3DSnaSsdZx29cXlEsYKVkn1E2az+ZYFS4t0zi8x0w==",
            "requires": {
                "chartjs-color": "^2.1.0",
                "moment": "^2.10.2"
            }
        },
        "chartjs-color": {
            "version": "2.3.0",
            "resolved": "https://registry.npmjs.org/chartjs-color/-/chartjs-color-2.3.0.tgz",
            "integrity": "sha512-hEvVheqczsoHD+fZ+tfPUE+1+RbV6b+eksp2LwAhwRTVXEjCSEavvk+Hg3H6SZfGlPh/UfmWKGIvZbtobOEm3g==",
            "requires": {
                "chartjs-color-string": "^0.6.0",
                "color-convert": "^0.5.3"
            }
        },
        "chartjs-color-string": {
            "version": "0.6.0",
            "resolved": "https://registry.npmjs.org/chartjs-color-string/-/chartjs-color-string-0.6.0.tgz",
            "integrity": "sha512-TIB5OKn1hPJvO7JcteW4WY/63v6KwEdt6udfnDE9iCAZgy+V4SrbSxoIbTw/xkUIapjEI4ExGtD0+6D3KyFd7A==",
            "requires": {
                "color-name": "^1.0.0"
            }
        },
        "color-convert": {
            "version": "0.5.3",
            "resolved": "https://registry.npmjs.org/color-convert/-/color-convert-0.5.3.tgz",
            "integrity": "sha1-vbbGnOZg+t/+CwAHzER+G59ygr0="
        },
        "color-name": {
            "version": "1.1.4",
            "resolved": "https://registry.npmjs.org/color-name/-/color-name-1.1.4.tgz",
            "integrity": "sha512-dOy+3AuW3a2wNbZHIuMZpTcgjGuLU/uBL/ubcZF9OXbDo8ff4O8yVp5Bf0efS8uEoYo5q4Fx7dY9OgQGXgAsQA=="
        },
        "datatables.net": {
            "version": "1.10.19",
            "resolved": "https://registry.npmjs.org/datatables.net/-/datatables.net-1.10.19.tgz",
            "integrity": "sha512-+ljXcI6Pj3PTGy5pesp3E5Dr3x3AV45EZe0o1r0gKENN2gafBKXodVnk2ypKwl2tTmivjxbkiqoWnipTefyBTA==",
            "requires": {
                "jquery": ">=1.7"
            }
        },
        "datatables.net-bs4": {
            "version": "1.10.19",
            "resolved": "https://registry.npmjs.org/datatables.net-bs4/-/datatables.net-bs4-1.10.19.tgz",
            "integrity": "sha512-pgeP17w4aPR7HIxIwuJghfqXULjdg1K6xMUUKDyCERJRSNNK4MRToFfELtIsluLNN555YBK4Kx8nihX5/ZT1Fw==",
            "requires": {
                "datatables.net": "1.10.19",
                "jquery": ">=1.7"
            }
        },
        "datatables.net-dt": {
            "version": "1.10.19",
            "resolved": "https://registry.npmjs.org/datatables.net-dt/-/datatables.net-dt-1.10.19.tgz",
            "integrity": "sha512-joFHYjLYvr9VnC9Fx3e+8jtXnQ/fP/mPFWt9p0NhZ3Zm5N0jlYyWhJQbnLkihOLuDcDFMaGdBQSvmIdTVdgGyw==",
            "requires": {
                "datatables.net": "1.10.19",
                "jquery": ">=1.7"
            }
        },
        "daterangepicker": {
            "version": "3.0.5",
            "resolved": "https://registry.npmjs.org/daterangepicker/-/daterangepicker-3.0.5.tgz",
            "integrity": "sha512-BoVV+OjVARWNE15iF+3Y2QIMioAD2UODHvJwIq+NtG0vxh61dXRmOMXlw2dsvxS8KY4n5uvIcBfIPiEiiGJcBg==",
            "requires": {
                "jquery": ">=1.10",
                "moment": "^2.9.0"
            }
        },
        "eve-raphael": {
            "version": "0.5.0",
            "resolved": "https://registry.npmjs.org/eve-raphael/-/eve-raphael-0.5.0.tgz",
            "integrity": "sha1-F8dUt5K+7z+maE15z1pHxjxM2jA="
        },
        "fastclick": {
            "version": "1.0.6",
            "resolved": "https://registry.npmjs.org/fastclick/-/fastclick-1.0.6.tgz",
            "integrity": "sha1-FhYlsnsaWAZAWTa9qaLBkm0Gvmo="
        },
        "flag-icon-css": {
            "version": "3.3.0",
            "resolved": "https://registry.npmjs.org/flag-icon-css/-/flag-icon-css-3.3.0.tgz",
            "integrity": "sha512-u5lCGVExrJJRykNGd//ZrBU5Bkt0LTZJFSuG+Az/pwcHgzDeFwomwFbsgVtI1aJd6ysyHsx+5UGrA+nhSGd4yw=="
        },
        "flot": {
            "version": "3.2.4",
            "resolved": "https://registry.npmjs.org/flot/-/flot-3.2.4.tgz",
            "integrity": "sha512-WOYkHdTaQQzhMtUyj4TfxdKidTylx99P99MCYh6pR7EvcGpI7a05swdifuH+J1ENFUrrPOCEwpZ8DHfnUM6VCQ=="
        },
        "icheck-bootstrap": {
            "version": "3.0.1",
            "resolved": "https://registry.npmjs.org/icheck-bootstrap/-/icheck-bootstrap-3.0.1.tgz",
            "integrity": "sha512-Rj3SybdcMcayhsP4IJ+hmCNgCKclaFcs/5zwCuLXH1WMo468NegjhZVxbSNKhEjJjnwc4gKETogUmPYSQ9lEZQ=="
        },
        "inputmask": {
            "version": "4.0.8",
            "resolved": "https://registry.npmjs.org/inputmask/-/inputmask-4.0.8.tgz",
            "integrity": "sha512-y7TbHasd4tGgOxk1PBF6zZLBzfKt3a5qySF3KuKVNaeuptDpp52jhYOmw1tBJwRxrpJ4s+BOFmWKYsQqjp+r/w=="
        },
        "ion-rangeslider": {
            "version": "2.3.0",
            "resolved": "https://registry.npmjs.org/ion-rangeslider/-/ion-rangeslider-2.3.0.tgz",
            "integrity": "sha512-7TtH9/X4Aq/xCzboWxjwlv20gVqR90Ysc3aehMlTuH2/ULaSxpB80hq+yvD1N0FwWbPDtxQpjQrz/iX+LWXKmg==",
            "requires": {
                "jquery": ">=1.8"
            }
        },
        "jquery": {
            "version": "3.4.1",
            "resolved": "https://registry.npmjs.org/jquery/-/jquery-3.4.1.tgz",
            "integrity": "sha512-36+AdBzCL+y6qjw5Tx7HgzeGCzC81MDDgaUP8ld2zhx58HdqXGoBd+tHdrBMiyjGQs0Hxs/MLZTu/eHNJJuWPw=="
        },
        "jquery-knob-chif": {
            "version": "1.2.13",
            "resolved": "https://registry.npmjs.org/jquery-knob-chif/-/jquery-knob-chif-1.2.13.tgz",
            "integrity": "sha1-Xx5GLvN0XSep/WbOEUH+grRKV2I="
        },
        "jquery-mapael": {
            "version": "2.2.0",
            "resolved": "https://registry.npmjs.org/jquery-mapael/-/jquery-mapael-2.2.0.tgz",
            "integrity": "sha512-B5cVcCkfs7Ezia1Zs8bEfVacYD/GvaASyqQeidApR/NJ1C4igcExk9VULVsgLcTPkxohcZrrz5uCaPXvuKeZWw==",
            "requires": {
                "jquery": "^3.0 || ^2.0 || ^1.0",
                "jquery-mousewheel": "^3.1",
                "raphael": "^2.2.0 || ^2.1.1"
            }
        },
        "jquery-mousewheel": {
            "version": "3.1.13",
            "resolved": "https://registry.npmjs.org/jquery-mousewheel/-/jquery-mousewheel-3.1.13.tgz",
            "integrity": "sha1-BvAzXxbjU6aV5yBr9QUDy1I6buU="
        },
        "jquery-ui-dist": {
            "version": "1.12.1",
            "resolved": "https://registry.npmjs.org/jquery-ui-dist/-/jquery-ui-dist-1.12.1.tgz",
            "integrity": "sha1-XAgV08xvkP9fqvWyaKbiO0ypBPo="
        },
        "jqvmap": {
            "version": "github:bbmumford/jqvmap#27eadebd1ca7ace949e10bef6e64290c4956b934",
            "from": "github:bbmumford/jqvmap",
            "requires": {
                "jquery": "^3.4.0"
            }
        },
        "jsgrid": {
            "version": "1.5.3",
            "resolved": "https://registry.npmjs.org/jsgrid/-/jsgrid-1.5.3.tgz",
            "integrity": "sha1-sV/EJkgxU77itrVnMS9nXZKDSg0="
        },
        "moment": {
            "version": "2.24.0",
            "resolved": "https://registry.npmjs.org/moment/-/moment-2.24.0.tgz",
            "integrity": "sha512-bV7f+6l2QigeBBZSM/6yTNq4P2fNpSWj/0e7jQcy87A8e7o2nAfP/34/2ky5Vw4B9S446EtIhodAzkFCcR4dQg=="
        },
        "moment-timezone": {
            "version": "0.5.26",
            "resolved": "https://registry.npmjs.org/moment-timezone/-/moment-timezone-0.5.26.tgz",
            "integrity": "sha512-sFP4cgEKTCymBBKgoxZjYzlSovC20Y6J7y3nanDc5RoBIXKlZhoYwBoZGe3flwU6A372AcRwScH8KiwV6zjy1g==",
            "requires": {
                "moment": ">= 2.9.0"
            }
        },
        "overlayscrollbars": {
            "version": "1.9.0",
            "resolved": "https://registry.npmjs.org/overlayscrollbars/-/overlayscrollbars-1.9.0.tgz",
            "integrity": "sha512-KV4ms57rku5ZjZdjoVc4psEEDT7ntU8jIC08t1ZNO5DOkvcaiVNjb8IsKdbG2vPMHGFXtTE3bP2zaho+aiivUA=="
        },
        "popper.js": {
            "version": "1.15.0",
            "resolved": "https://registry.npmjs.org/popper.js/-/popper.js-1.15.0.tgz",
            "integrity": "sha512-w010cY1oCUmI+9KwwlWki+r5jxKfTFDVoadl7MSrIujHU5MJ5OR6HTDj6Xo8aoR/QsA56x8jKjA59qGH4ELtrA=="
        },
        "raphael": {
            "version": "2.2.8",
            "resolved": "https://registry.npmjs.org/raphael/-/raphael-2.2.8.tgz",
            "integrity": "sha512-0kWKcGn4lXTw4eUiOhjspYiG+v0m6zSmTmlO62E0hl2CYKUvCuHER9YKqXYvOn2nj24mYp8jzHOLeBuj/Gn28Q==",
            "requires": {
                "eve-raphael": "0.5.0"
            }
        },
        "select2": {
            "version": "4.0.8",
            "resolved": "https://registry.npmjs.org/select2/-/select2-4.0.8.tgz",
            "integrity": "sha512-H/I2mq71oiEe51S74hdUv4QubH1EJNLEMnjfQucftLa8GiuT5+RKIHwlV/7I/YUqZg0wsYQM946eFG/ntRPF/Q=="
        },
        "sparklines": {
            "version": "1.2.0",
            "resolved": "https://registry.npmjs.org/sparklines/-/sparklines-1.2.0.tgz",
            "integrity": "sha512-6OFlZzdFXyfFGJ8R5wrc9GdjoeQpjFuwkMKF1yVehLATHVrf4dSyZ4veGOFQ0mQ3xdJ0bCQSbd0idsm1gd2qWg=="
        },
        "summernote": {
            "version": "0.8.12",
            "resolved": "https://registry.npmjs.org/summernote/-/summernote-0.8.12.tgz",
            "integrity": "sha512-RVEJoIyztwPpopTwZvjag1WOvbmhUGFe6Mc9RADzzcX1ogG8pIXCB88icu/vjNYihITrzj2zZsoFMcDRHSlhEA=="
        },
        "sweetalert2": {
            "version": "8.14.0",
            "resolved": "https://registry.npmjs.org/sweetalert2/-/sweetalert2-8.14.0.tgz",
            "integrity": "sha512-PFzwbrbMKmBUcbc6pPW6NPygiRHNVExQHg376nKf3Z6wfYnyrYRlO2gEENkcvtTUFX65D479DxB0hnw+AvlJkA=="
        },
        "tempusdominus-bootstrap-4": {
            "version": "5.1.2",
            "resolved": "https://registry.npmjs.org/tempusdominus-bootstrap-4/-/tempusdominus-bootstrap-4-5.1.2.tgz",
            "integrity": "sha512-ksD8qc4wOJeE19wvryXmEpRzMUSZu4wSOdG6zKSn8l4ccad16249KOX1j0CccyZpuuES/n4FLqLAUB+Dd1LTBA==",
            "requires": {
                "bootstrap": ">=4.1.2",
                "jquery": "^3.0",
                "moment": "^2.22.2",
                "moment-timezone": "^0.5.11",
                "popper.js": "^1.14.3"
            }
        },
        "toastr": {
            "version": "2.1.4",
            "resolved": "https://registry.npmjs.org/toastr/-/toastr-2.1.4.tgz",
            "integrity": "sha1-i0O+ZPudDEFIcURvLbjoyk6V8YE=",
            "requires": {
                "jquery": ">=1.12.0"
            }
        }
    }
}
